
Microsoft Visual Studio Solution File, Format Version 12.00
# Visual Studio Version 17
VisualStudioVersion = 17.6.33829.357
MinimumVisualStudioVersion = 10.0.40219.1
Project("{FAE04EC0-301F-11D3-BF4B-00C04F79EFBC}") = "WiseEngine", "WiseEngine\WiseEngine.csproj", "{355EAE7D-A76E-4549-AA89-4FEE097FACE2}"
EndProject
Global
	GlobalSection(SolutionConfigurationPlatforms) = preSolution
		Debug|Any CPU = Debug|Any CPU
		Release|Any CPU = Release|Any CPU
	EndGlobalSection
	GlobalSection(ProjectConfigurationPlatforms) = postSolution
		{355EAE7D-A76E-4549-AA89-4FEE097FACE2}.Debug|Any CPU.ActiveCfg = Debug|Any CPU
		{355EAE7D-A76E-4549-AA89-4FEE097FACE2}.Debug|Any CPU.Build.0 = Debug|Any CPU
		{355EAE7D-A76E-4549-AA89-4FEE097FACE2}.Release|Any CPU.ActiveCfg = Release|Any CPU
		{355EAE7D-A76E-4549-AA89-4FEE097FACE2}.Release|Any CPU.Build.0 = Release|Any CPU
	EndGlobalSection
	GlobalSection(SolutionProperties) = preSolution
		HideSolutionNode = FALSE
	EndGlobalSection
	GlobalSection(ExtensibilityGlobals) = postSolution
		SolutionGuid = {CB7141C1-7510-4AF9-B417-9BA36FEB0F79}
	EndGlobalSection
EndGlobal
